
Microsoft Visual Studio Solution File, Format Version 11.00
# Visual Studio 2010
Project("{FAE04EC0-301F-11D3-BF4B-00C04F79EFBC}") = "ExpressionBagBattle", "Assembly-CSharp.csproj", "{158EA078-F98F-BDC4-18E8-E3A4D3C6E3D9}"
EndProject
Global
	GlobalSection(SolutionConfigurationPlatforms) = preSolution
		Debug|Any CPU = Debug|Any CPU
		Release|Any CPU = Release|Any CPU
	EndGlobalSection
	GlobalSection(ProjectConfigurationPlatforms) = postSolution
		{158EA078-F98F-BDC4-18E8-E3A4D3C6E3D9}.Debug|Any CPU.ActiveCfg = Debug|Any CPU
		{158EA078-F98F-BDC4-18E8-E3A4D3C6E3D9}.Debug|Any CPU.Build.0 = Debug|Any CPU
		{158EA078-F98F-BDC4-18E8-E3A4D3C6E3D9}.Release|Any CPU.ActiveCfg = Release|Any CPU
		{158EA078-F98F-BDC4-18E8-E3A4D3C6E3D9}.Release|Any CPU.Build.0 = Release|Any CPU
	EndGlobalSection
	GlobalSection(SolutionProperties) = preSolution
		HideSolutionNode = FALSE
	EndGlobalSection
	GlobalSection(MonoDevelopProperties) = preSolution
		StartupItem = Assembly-CSharp.csproj
	EndGlobalSection
EndGlobal
